// !$*UTF8*$!
{
	archiveVersion = 1;
	classes = {
	};
	objectVersion = 56;
	objects = {

/* Begin PBXBuildFile section */
		221C5ABB2F09226A00CC2C9F /* ApplePark.png in Resources */ = {isa = PBXBuildFile; fileRef = 22DB610A2D3A5155007AFCF3 /* ApplePark.png */; };
		221C5ABC2F09226A00CC2C9F /* ApplePark.jpeg in Resources */ = {isa = PBXBuildFile; fileRef = 22DB61092D3A5155007AFCF3 /* ApplePark.jpeg */; };
		221C5ABD2F09226A00CC2C9F /* ApplePark.webp in Resources */ = {isa = PBXBuildFile; fileRef = 22DB610B2D3A5155007AFCF3 /* ApplePark.webp */; };
		221C5ABE2F09226A00CC2C9F /* ApplePark.heic in Resources */ = {isa = PBXBuildFile; fileRef = 22DB61082D3A5155007AFCF3 /* ApplePark.heic */; };
		221D5F0629EBD708006E60AB /* AppDelegate.swift in Sources */ = {isa = PBXBuildFile; fileRef = 221D5F0529EBD708006E60AB /* AppDelegate.swift */; };
		221D5F0829EBD708006E60AB /* SceneDelegate.swift in Sources */ = {isa = PBXBuildFile; fileRef = 221D5F0729EBD708006E60AB /* SceneDelegate.swift */; };
		221D5F0A29EBD708006E60AB /* ViewController.swift in Sources */ = {isa = PBXBuildFile; fileRef = 221D5F0929EBD708006E60AB /* ViewController.swift */; };
		221D5F0D29EBD708006E60AB /* Main.storyboard in Resources */ = {isa = PBXBuildFile; fileRef = 221D5F0B29EBD708006E60AB /* Main.storyboard */; };
		221D5F0F29EBD709006E60AB /* Assets.xcassets in Resources */ = {isa = PBXBuildFile; fileRef = 221D5F0E29EBD709006E60AB /* Assets.xcassets */; };
		221D5F1229EBD709006E60AB /* LaunchScreen.storyboard in Resources */ = {isa = PBXBuildFile; fileRef = 221D5F1029EBD709006E60AB /* LaunchScreen.storyboard */; };
		221D5F1D29EBD709006E60AB /* ImageSourceTests.swift in Sources */ = {isa = PBXBuildFile; fileRef = 221D5F1C29EBD709006E60AB /* ImageSourceTests.swift */; };
		222654382F062FCD00A76F85 /* ApplePark.avif in Resources */ = {isa = PBXBuildFile; fileRef = 222654362F062FCD00A76F85 /* ApplePark.avif */; };
		2226543B2F06514500A76F85 /* ImageFileFormatTests.swift in Sources */ = {isa = PBXBuildFile; fileRef = 2226543A2F06514500A76F85 /* ImageFileFormatTests.swift */; };
		2257603B2F069111004F10C1 /* ApplePark.avif in Resources */ = {isa = PBXBuildFile; fileRef = 222654362F062FCD00A76F85 /* ApplePark.avif */; };
		226343EF2F55B7E60017941C /* jxl in Frameworks */ = {isa = PBXBuildFile; productRef = 226343EE2F55B7E60017941C /* jxl */; };
		226344002F56D500017941C0 /* turbojpeg in Frameworks */ = {isa = PBXBuildFile; productRef = 226344012F56D500017941C0 /* turbojpeg */; };
		226343F52F55CBC00017941C /* ApplePark-JPG.jxl in Resources */ = {isa = PBXBuildFile; fileRef = 226343F32F55CBC00017941C /* ApplePark-JPG.jxl */; };
		226343F62F55CBC00017941C /* ApplePark-PNG.jxl in Resources */ = {isa = PBXBuildFile; fileRef = 226343F42F55CBC00017941C /* ApplePark-PNG.jxl */; };
		226343F72F55CBC00017941C /* ApplePark-JPG.jxl in Resources */ = {isa = PBXBuildFile; fileRef = 226343F32F55CBC00017941C /* ApplePark-JPG.jxl */; };
		226343F82F55CBC00017941C /* ApplePark-PNG.jxl in Resources */ = {isa = PBXBuildFile; fileRef = 226343F42F55CBC00017941C /* ApplePark-PNG.jxl */; };
		22DB61012D3A045C007AFCF3 /* ImageSource.swift in Sources */ = {isa = PBXBuildFile; fileRef = 22DB61002D3A045C007AFCF3 /* ImageSource.swift */; };
		22DB610D2D3A5155007AFCF3 /* ApplePark.png in Resources */ = {isa = PBXBuildFile; fileRef = 22DB610A2D3A5155007AFCF3 /* ApplePark.png */; };
		22DB610E2D3A5155007AFCF3 /* ApplePark.webp in Resources */ = {isa = PBXBuildFile; fileRef = 22DB610B2D3A5155007AFCF3 /* ApplePark.webp */; };
		22DB610F2D3A5155007AFCF3 /* ApplePark.heic in Resources */ = {isa = PBXBuildFile; fileRef = 22DB61082D3A5155007AFCF3 /* ApplePark.heic */; };
		22DB61102D3A5155007AFCF3 /* ApplePark.jpeg in Resources */ = {isa = PBXBuildFile; fileRef = 22DB61092D3A5155007AFCF3 /* ApplePark.jpeg */; };
		22DB61122D3A51B9007AFCF3 /* ImageSampleData.swift in Sources */ = {isa = PBXBuildFile; fileRef = 22DB61112D3A51B9007AFCF3 /* ImageSampleData.swift */; };
		22DB61142D3B6053007AFCF3 /* ImageFileFormat.swift in Sources */ = {isa = PBXBuildFile; fileRef = 22DB61132D3B6053007AFCF3 /* ImageFileFormat.swift */; };
		A20000012F26000000000001 /* ImageSourceDecodeTests.swift in Sources */ = {isa = PBXBuildFile; fileRef = A10000012F26000000000001 /* ImageSourceDecodeTests.swift */; };
		A20000012F26000000000002 /* ImageDestinationTests.swift in Sources */ = {isa = PBXBuildFile; fileRef = A10000012F26000000000002 /* ImageDestinationTests.swift */; };
		A20000012F26000000000003 /* PixelBufferTests.swift in Sources */ = {isa = PBXBuildFile; fileRef = A10000012F26000000000003 /* PixelBufferTests.swift */; };
		A20000012F26000000000007 /* MemoryTrackingTests.swift in Sources */ = {isa = PBXBuildFile; fileRef = A10000012F26000000000007 /* MemoryTrackingTests.swift */; };
		A20000012F26000000000009 /* PixelBufferMetalTests.swift in Sources */ = {isa = PBXBuildFile; fileRef = A10000012F26000000000009 /* PixelBufferMetalTests.swift */; };
		A20000012F2600000000000A /* SoftwareScalerTests.swift in Sources */ = {isa = PBXBuildFile; fileRef = A10000012F2600000000000A /* SoftwareScalerTests.swift */; };
		A20000012F2600000000000B /* JXLDecoderTests.swift in Sources */ = {isa = PBXBuildFile; fileRef = A10000012F2600000000000B /* JXLDecoderTests.swift */; };
		F2000001201800000000000A /* JXLReconstructor.swift in Sources */ = {isa = PBXBuildFile; fileRef = F1000001201800000000000A /* JXLReconstructor.swift */; };
		F2000001201800000000000B /* SoftwareScaler.swift in Sources */ = {isa = PBXBuildFile; fileRef = F1000001201800000000000B /* SoftwareScaler.swift */; };
		F2000001201800000000000C /* JXLDecoder.swift in Sources */ = {isa = PBXBuildFile; fileRef = F1000001201800000000000C /* JXLDecoder.swift */; };
		F20000012F16000000000001 /* PixelBuffer.swift in Sources */ = {isa = PBXBuildFile; fileRef = F10000012F16000000000001 /* PixelBuffer.swift */; };
		F20000012F16000000000002 /* PixelBuffer+Metal.swift in Sources */ = {isa = PBXBuildFile; fileRef = F10000012F16000000000002 /* PixelBuffer+Metal.swift */; };
		F20000012F18000000000004 /* ImageDecoderError.swift in Sources */ = {isa = PBXBuildFile; fileRef = F10000012F18000000000004 /* ImageDecoderError.swift */; };
		F20000012F18000000000006 /* ImageEncoderError.swift in Sources */ = {isa = PBXBuildFile; fileRef = F10000012F18000000000006 /* ImageEncoderError.swift */; };
		F20000012F18000000000009 /* JPEGRegionDecoder.swift in Sources */ = {isa = PBXBuildFile; fileRef = F10000012F18000000000009 /* JPEGRegionDecoder.swift */; };
		F20000012F1800000000000A /* ImageSource+Decoding.swift in Sources */ = {isa = PBXBuildFile; fileRef = F10000012F1800000000000A /* ImageSource+Decoding.swift */; };
		F20000012F1800000000000B /* ImageSource+Encoding.swift in Sources */ = {isa = PBXBuildFile; fileRef = F10000012F1800000000000B /* ImageSource+Encoding.swift */; };
/* End PBXBuildFile section */

/* Begin PBXContainerItemProxy section */
		221D5F1929EBD709006E60AB /* PBXContainerItemProxy */ = {
			isa = PBXContainerItemProxy;
			containerPortal = 221D5EFA29EBD708006E60AB /* Project object */;
			proxyType = 1;
			remoteGlobalIDString = 221D5F0129EBD708006E60AB;
			remoteInfo = ImageIOKit;
		};
/* End PBXContainerItemProxy section */

/* Begin PBXFileReference section */
		2215AF7D2F51E2FC00D773B7 /* Package.swift */ = {isa = PBXFileReference; lastKnownFileType = sourcecode.swift; path = Package.swift; sourceTree = "<group>"; };
		221D5F0229EBD708006E60AB /* ImageIOKitExample.app */ = {isa = PBXFileReference; explicitFileType = wrapper.application; includeInIndex = 0; path = ImageIOKitExample.app; sourceTree = BUILT_PRODUCTS_DIR; };
		221D5F0529EBD708006E60AB /* AppDelegate.swift */ = {isa = PBXFileReference; lastKnownFileType = sourcecode.swift; path = AppDelegate.swift; sourceTree = "<group>"; };
		221D5F0729EBD708006E60AB /* SceneDelegate.swift */ = {isa = PBXFileReference; lastKnownFileType = sourcecode.swift; path = SceneDelegate.swift; sourceTree = "<group>"; };
		221D5F0929EBD708006E60AB /* ViewController.swift */ = {isa = PBXFileReference; lastKnownFileType = sourcecode.swift; path = ViewController.swift; sourceTree = "<group>"; };
		221D5F0C29EBD708006E60AB /* Base */ = {isa = PBXFileReference; lastKnownFileType = file.storyboard; name = Base; path = Base.lproj/Main.storyboard; sourceTree = "<group>"; };
		221D5F0E29EBD709006E60AB /* Assets.xcassets */ = {isa = PBXFileReference; lastKnownFileType = folder.assetcatalog; path = Assets.xcassets; sourceTree = "<group>"; };
		221D5F1129EBD709006E60AB /* Base */ = {isa = PBXFileReference; lastKnownFileType = file.storyboard; name = Base; path = Base.lproj/LaunchScreen.storyboard; sourceTree = "<group>"; };
		221D5F1329EBD709006E60AB /* Info.plist */ = {isa = PBXFileReference; lastKnownFileType = text.plist.xml; path = Info.plist; sourceTree = "<group>"; };
		221D5F1829EBD709006E60AB /* ImageIOKitTests.xctest */ = {isa = PBXFileReference; explicitFileType = wrapper.cfbundle; includeInIndex = 0; path = ImageIOKitTests.xctest; sourceTree = BUILT_PRODUCTS_DIR; };
		221D5F1C29EBD709006E60AB /* ImageSourceTests.swift */ = {isa = PBXFileReference; lastKnownFileType = sourcecode.swift; path = ImageSourceTests.swift; sourceTree = "<group>"; };
		222654362F062FCD00A76F85 /* ApplePark.avif */ = {isa = PBXFileReference; lastKnownFileType = file; path = ApplePark.avif; sourceTree = "<group>"; };
		2226543A2F06514500A76F85 /* ImageFileFormatTests.swift */ = {isa = PBXFileReference; lastKnownFileType = sourcecode.swift; path = ImageFileFormatTests.swift; sourceTree = "<group>"; };
		226343F12F55B9050017941C /* libc++.tbd */ = {isa = PBXFileReference; lastKnownFileType = "sourcecode.text-based-dylib-definition"; name = "libc++.tbd"; path = "usr/lib/libc++.tbd"; sourceTree = SDKROOT; };
		226343F22F55B9110017941C /* libc++.1.tbd */ = {isa = PBXFileReference; lastKnownFileType = "sourcecode.text-based-dylib-definition"; name = "libc++.1.tbd"; path = "usr/lib/libc++.1.tbd"; sourceTree = SDKROOT; };
		226343F32F55CBC00017941C /* ApplePark-JPG.jxl */ = {isa = PBXFileReference; lastKnownFileType = file; path = "ApplePark-JPG.jxl"; sourceTree = "<group>"; };
		226343F42F55CBC00017941C /* ApplePark-PNG.jxl */ = {isa = PBXFileReference; lastKnownFileType = file; path = "ApplePark-PNG.jxl"; sourceTree = "<group>"; };
		22DB61002D3A045C007AFCF3 /* ImageSource.swift */ = {isa = PBXFileReference; lastKnownFileType = sourcecode.swift; path = ImageSource.swift; sourceTree = "<group>"; };
		22DB61082D3A5155007AFCF3 /* ApplePark.heic */ = {isa = PBXFileReference; lastKnownFileType = file; path = ApplePark.heic; sourceTree = "<group>"; };
		22DB61092D3A5155007AFCF3 /* ApplePark.jpeg */ = {isa = PBXFileReference; lastKnownFileType = image.jpeg; path = ApplePark.jpeg; sourceTree = "<group>"; };
		22DB610A2D3A5155007AFCF3 /* ApplePark.png */ = {isa = PBXFileReference; lastKnownFileType = image.png; path = ApplePark.png; sourceTree = "<group>"; };
		22DB610B2D3A5155007AFCF3 /* ApplePark.webp */ = {isa = PBXFileReference; lastKnownFileType = file; path = ApplePark.webp; sourceTree = "<group>"; };
		22DB61112D3A51B9007AFCF3 /* ImageSampleData.swift */ = {isa = PBXFileReference; lastKnownFileType = sourcecode.swift; path = ImageSampleData.swift; sourceTree = "<group>"; };
		22DB61132D3B6053007AFCF3 /* ImageFileFormat.swift */ = {isa = PBXFileReference; lastKnownFileType = sourcecode.swift; path = ImageFileFormat.swift; sourceTree = "<group>"; };
		A10000012F26000000000001 /* ImageSourceDecodeTests.swift */ = {isa = PBXFileReference; lastKnownFileType = sourcecode.swift; path = ImageSourceDecodeTests.swift; sourceTree = "<group>"; };
		A10000012F26000000000002 /* ImageDestinationTests.swift */ = {isa = PBXFileReference; lastKnownFileType = sourcecode.swift; path = ImageDestinationTests.swift; sourceTree = "<group>"; };
		A10000012F26000000000003 /* PixelBufferTests.swift */ = {isa = PBXFileReference; lastKnownFileType = sourcecode.swift; path = PixelBufferTests.swift; sourceTree = "<group>"; };
		A10000012F26000000000007 /* MemoryTrackingTests.swift */ = {isa = PBXFileReference; lastKnownFileType = sourcecode.swift; path = MemoryTrackingTests.swift; sourceTree = "<group>"; };
		A10000012F26000000000009 /* PixelBufferMetalTests.swift */ = {isa = PBXFileReference; lastKnownFileType = sourcecode.swift; path = PixelBufferMetalTests.swift; sourceTree = "<group>"; };
		A10000012F2600000000000A /* SoftwareScalerTests.swift */ = {isa = PBXFileReference; lastKnownFileType = sourcecode.swift; path = SoftwareScalerTests.swift; sourceTree = "<group>"; };
		A10000012F2600000000000B /* JXLDecoderTests.swift */ = {isa = PBXFileReference; lastKnownFileType = sourcecode.swift; path = JXLDecoderTests.swift; sourceTree = "<group>"; };
		F1000001201800000000000A /* JXLReconstructor.swift */ = {isa = PBXFileReference; lastKnownFileType = sourcecode.swift; path = JXLReconstructor.swift; sourceTree = "<group>"; };
		F1000001201800000000000B /* SoftwareScaler.swift */ = {isa = PBXFileReference; lastKnownFileType = sourcecode.swift; path = SoftwareScaler.swift; sourceTree = "<group>"; };
		F1000001201800000000000C /* JXLDecoder.swift */ = {isa = PBXFileReference; lastKnownFileType = sourcecode.swift; path = JXLDecoder.swift; sourceTree = "<group>"; };
		F10000012F16000000000001 /* PixelBuffer.swift */ = {isa = PBXFileReference; lastKnownFileType = sourcecode.swift; path = PixelBuffer.swift; sourceTree = "<group>"; };
		F10000012F16000000000002 /* PixelBuffer+Metal.swift */ = {isa = PBXFileReference; lastKnownFileType = sourcecode.swift; path = "PixelBuffer+Metal.swift"; sourceTree = "<group>"; };
		F10000012F18000000000004 /* ImageDecoderError.swift */ = {isa = PBXFileReference; lastKnownFileType = sourcecode.swift; path = ImageDecoderError.swift; sourceTree = "<group>"; };
		F10000012F18000000000006 /* ImageEncoderError.swift */ = {isa = PBXFileReference; lastKnownFileType = sourcecode.swift; path = ImageEncoderError.swift; sourceTree = "<group>"; };
		F10000012F18000000000009 /* JPEGRegionDecoder.swift */ = {isa = PBXFileReference; lastKnownFileType = sourcecode.swift; path = JPEGRegionDecoder.swift; sourceTree = "<group>"; };
		F10000012F1800000000000A /* ImageSource+Decoding.swift */ = {isa = PBXFileReference; lastKnownFileType = sourcecode.swift; path = "ImageSource+Decoding.swift"; sourceTree = "<group>"; };
		F10000012F1800000000000B /* ImageSource+Encoding.swift */ = {isa = PBXFileReference; lastKnownFileType = sourcecode.swift; path = "ImageSource+Encoding.swift"; sourceTree = "<group>"; };
/* End PBXFileReference section */

/* Begin PBXFrameworksBuildPhase section */
		221D5EFF29EBD708006E60AB /* Frameworks */ = {
			isa = PBXFrameworksBuildPhase;
			buildActionMask = 2147483647;
			files = (
				226344002F56D500017941C0 /* turbojpeg in Frameworks */,
				226343EF2F55B7E60017941C /* jxl in Frameworks */,
			);
			runOnlyForDeploymentPostprocessing = 0;
		};
		221D5F1529EBD709006E60AB /* Frameworks */ = {
			isa = PBXFrameworksBuildPhase;
			buildActionMask = 2147483647;
			files = (
			);
			runOnlyForDeploymentPostprocessing = 0;
		};
/* End PBXFrameworksBuildPhase section */

/* Begin PBXGroup section */
		221D5EF929EBD708006E60AB = {
			isa = PBXGroup;
			children = (
				2215AF7D2F51E2FC00D773B7 /* Package.swift */,
				22DB60FF2D3A0448007AFCF3 /* ImageIOKit */,
				221D5F0429EBD708006E60AB /* ImageIOKitExample */,
				221D5F1B29EBD709006E60AB /* ImageIOKitTests */,
				226343F02F55B9050017941C /* Frameworks */,
				221D5F0329EBD708006E60AB /* Products */,
			);
			sourceTree = "<group>";
		};
		221D5F0329EBD708006E60AB /* Products */ = {
			isa = PBXGroup;
			children = (
				221D5F0229EBD708006E60AB /* ImageIOKitExample.app */,
				221D5F1829EBD709006E60AB /* ImageIOKitTests.xctest */,
			);
			name = Products;
			sourceTree = "<group>";
		};
		221D5F0429EBD708006E60AB /* ImageIOKitExample */ = {
			isa = PBXGroup;
			children = (
				221D5F0529EBD708006E60AB /* AppDelegate.swift */,
				221D5F0729EBD708006E60AB /* SceneDelegate.swift */,
				221D5F0929EBD708006E60AB /* ViewController.swift */,
				221D5F0B29EBD708006E60AB /* Main.storyboard */,
				221D5F0E29EBD709006E60AB /* Assets.xcassets */,
				221D5F1029EBD709006E60AB /* LaunchScreen.storyboard */,
				221D5F1329EBD709006E60AB /* Info.plist */,
			);
			path = ImageIOKitExample;
			sourceTree = "<group>";
		};
		221D5F1B29EBD709006E60AB /* ImageIOKitTests */ = {
			isa = PBXGroup;
			children = (
				22DB610C2D3A5155007AFCF3 /* SampleImages */,
				22DB61112D3A51B9007AFCF3 /* ImageSampleData.swift */,
				221D5F1C29EBD709006E60AB /* ImageSourceTests.swift */,
				2226543A2F06514500A76F85 /* ImageFileFormatTests.swift */,
				A10000012F26000000000001 /* ImageSourceDecodeTests.swift */,
				A10000012F26000000000002 /* ImageDestinationTests.swift */,
				A10000012F26000000000003 /* PixelBufferTests.swift */,
				A10000012F26000000000007 /* MemoryTrackingTests.swift */,
				A10000012F26000000000009 /* PixelBufferMetalTests.swift */,
				A10000012F2600000000000A /* SoftwareScalerTests.swift */,
				A10000012F2600000000000B /* JXLDecoderTests.swift */,
			);
			path = ImageIOKitTests;
			sourceTree = "<group>";
		};
		226343F02F55B9050017941C /* Frameworks */ = {
			isa = PBXGroup;
			children = (
				226343F22F55B9110017941C /* libc++.1.tbd */,
				226343F12F55B9050017941C /* libc++.tbd */,
			);
			name = Frameworks;
			sourceTree = "<group>";
		};
		22DB60FF2D3A0448007AFCF3 /* ImageIOKit */ = {
			isa = PBXGroup;
			children = (
				22DB61002D3A045C007AFCF3 /* ImageSource.swift */,
				22DB61132D3B6053007AFCF3 /* ImageFileFormat.swift */,
				F30000012F18000000000004 /* Decoding */,
				F30000012F18000000000005 /* Encoding */,
				F30000012F18000000000006 /* PixelBuffer */,
				F30000012F18000000000001 /* Internal */,
			);
			path = ImageIOKit;
			sourceTree = "<group>";
		};
		22DB610C2D3A5155007AFCF3 /* SampleImages */ = {
			isa = PBXGroup;
			children = (
				226343F32F55CBC00017941C /* ApplePark-JPG.jxl */,
				226343F42F55CBC00017941C /* ApplePark-PNG.jxl */,
				222654362F062FCD00A76F85 /* ApplePark.avif */,
				22DB61082D3A5155007AFCF3 /* ApplePark.heic */,
				22DB61092D3A5155007AFCF3 /* ApplePark.jpeg */,
				22DB610A2D3A5155007AFCF3 /* ApplePark.png */,
				22DB610B2D3A5155007AFCF3 /* ApplePark.webp */,
			);
			path = SampleImages;
			sourceTree = "<group>";
		};
		F30000012F18000000000001 /* Internal */ = {
			isa = PBXGroup;
			children = (
				F1000001201800000000000C /* JXLDecoder.swift */,
				F10000012F18000000000009 /* JPEGRegionDecoder.swift */,
				F1000001201800000000000A /* JXLReconstructor.swift */,
				F1000001201800000000000B /* SoftwareScaler.swift */,
			);
			path = Internal;
			sourceTree = "<group>";
		};
		F30000012F18000000000004 /* Decoding */ = {
			isa = PBXGroup;
			children = (
				F10000012F1800000000000A /* ImageSource+Decoding.swift */,
				F10000012F18000000000004 /* ImageDecoderError.swift */,
			);
			path = Decoding;
			sourceTree = "<group>";
		};
		F30000012F18000000000005 /* Encoding */ = {
			isa = PBXGroup;
			children = (
				F10000012F1800000000000B /* ImageSource+Encoding.swift */,
				F10000012F18000000000006 /* ImageEncoderError.swift */,
			);
			path = Encoding;
			sourceTree = "<group>";
		};
		F30000012F18000000000006 /* PixelBuffer */ = {
			isa = PBXGroup;
			children = (
				F10000012F16000000000001 /* PixelBuffer.swift */,
				F10000012F16000000000002 /* PixelBuffer+Metal.swift */,
			);
			path = PixelBuffer;
			sourceTree = "<group>";
		};
/* End PBXGroup section */

/* Begin PBXNativeTarget section */
		221D5F0129EBD708006E60AB /* ImageIOKitExample */ = {
			isa = PBXNativeTarget;
			buildConfigurationList = 221D5F2C29EBD709006E60AB /* Build configuration list for PBXNativeTarget "ImageIOKitExample" */;
			buildPhases = (
				221D5EFE29EBD708006E60AB /* Sources */,
				221D5EFF29EBD708006E60AB /* Frameworks */,
				221D5F0029EBD708006E60AB /* Resources */,
			);
			buildRules = (
			);
			dependencies = (
			);
			name = ImageIOKitExample;
			packageProductDependencies = (
				226344012F56D500017941C0 /* turbojpeg */,
				226343EE2F55B7E60017941C /* jxl */,
			);
			productName = ImageIOKit;
			productReference = 221D5F0229EBD708006E60AB /* ImageIOKitExample.app */;
			productType = "com.apple.product-type.application";
		};
		221D5F1729EBD709006E60AB /* ImageIOKitTests */ = {
			isa = PBXNativeTarget;
			buildConfigurationList = 221D5F2F29EBD709006E60AB /* Build configuration list for PBXNativeTarget "ImageIOKitTests" */;
			buildPhases = (
				221D5F1429EBD709006E60AB /* Sources */,
				221D5F1529EBD709006E60AB /* Frameworks */,
				221D5F1629EBD709006E60AB /* Resources */,
			);
			buildRules = (
			);
			dependencies = (
				221D5F1A29EBD709006E60AB /* PBXTargetDependency */,
			);
			name = ImageIOKitTests;
			productName = ImageIOKitTests;
			productReference = 221D5F1829EBD709006E60AB /* ImageIOKitTests.xctest */;
			productType = "com.apple.product-type.bundle.unit-test";
		};
/* End PBXNativeTarget section */

/* Begin PBXProject section */
		221D5EFA29EBD708006E60AB /* Project object */ = {
			isa = PBXProject;
			attributes = {
				BuildIndependentTargetsInParallel = 1;
				LastSwiftUpdateCheck = 1430;
				LastUpgradeCheck = 2630;
				TargetAttributes = {
					221D5F0129EBD708006E60AB = {
						CreatedOnToolsVersion = 14.3;
					};
					221D5F1729EBD709006E60AB = {
						CreatedOnToolsVersion = 14.3;
						TestTargetID = 221D5F0129EBD708006E60AB;
					};
				};
			};
			buildConfigurationList = 221D5EFD29EBD708006E60AB /* Build configuration list for PBXProject "ImageIOKit" */;
			compatibilityVersion = "Xcode 14.0";
			developmentRegion = en;
			hasScannedForEncodings = 0;
			knownRegions = (
				en,
				Base,
			);
			mainGroup = 221D5EF929EBD708006E60AB;
			packageReferences = (
				226343EA2F55B7DD0017941C /* XCRemoteSwiftPackageReference "libjpeg-turbo-cocoa" */,
				226343ED2F55B7E60017941C /* XCRemoteSwiftPackageReference "libjxl-cocoa" */,
			);
			productRefGroup = 221D5F0329EBD708006E60AB /* Products */;
			projectDirPath = "";
			projectRoot = "";
			targets = (
				221D5F0129EBD708006E60AB /* ImageIOKitExample */,
				221D5F1729EBD709006E60AB /* ImageIOKitTests */,
			);
		};
/* End PBXProject section */

/* Begin PBXResourcesBuildPhase section */
		221D5F0029EBD708006E60AB /* Resources */ = {
			isa = PBXResourcesBuildPhase;
			buildActionMask = 2147483647;
			files = (
				221D5F1229EBD709006E60AB /* LaunchScreen.storyboard in Resources */,
				221D5F0F29EBD709006E60AB /* Assets.xcassets in Resources */,
				2257603B2F069111004F10C1 /* ApplePark.avif in Resources */,
				221D5F0D29EBD708006E60AB /* Main.storyboard in Resources */,
				221C5ABB2F09226A00CC2C9F /* ApplePark.png in Resources */,
				221C5ABC2F09226A00CC2C9F /* ApplePark.jpeg in Resources */,
				221C5ABD2F09226A00CC2C9F /* ApplePark.webp in Resources */,
				226343F52F55CBC00017941C /* ApplePark-JPG.jxl in Resources */,
				226343F62F55CBC00017941C /* ApplePark-PNG.jxl in Resources */,
				221C5ABE2F09226A00CC2C9F /* ApplePark.heic in Resources */,
			);
			runOnlyForDeploymentPostprocessing = 0;
		};
		221D5F1629EBD709006E60AB /* Resources */ = {
			isa = PBXResourcesBuildPhase;
			buildActionMask = 2147483647;
			files = (
				222654382F062FCD00A76F85 /* ApplePark.avif in Resources */,
				22DB610D2D3A5155007AFCF3 /* ApplePark.png in Resources */,
				22DB610E2D3A5155007AFCF3 /* ApplePark.webp in Resources */,
				22DB610F2D3A5155007AFCF3 /* ApplePark.heic in Resources */,
				226343F72F55CBC00017941C /* ApplePark-JPG.jxl in Resources */,
				226343F82F55CBC00017941C /* ApplePark-PNG.jxl in Resources */,
				22DB61102D3A5155007AFCF3 /* ApplePark.jpeg in Resources */,
			);
			runOnlyForDeploymentPostprocessing = 0;
		};
/* End PBXResourcesBuildPhase section */

/* Begin PBXSourcesBuildPhase section */
		221D5EFE29EBD708006E60AB /* Sources */ = {
			isa = PBXSourcesBuildPhase;
			buildActionMask = 2147483647;
			files = (
				22DB61142D3B6053007AFCF3 /* ImageFileFormat.swift in Sources */,
				221D5F0A29EBD708006E60AB /* ViewController.swift in Sources */,
				221D5F0629EBD708006E60AB /* AppDelegate.swift in Sources */,
				22DB61012D3A045C007AFCF3 /* ImageSource.swift in Sources */,
				221D5F0829EBD708006E60AB /* SceneDelegate.swift in Sources */,
				F20000012F16000000000001 /* PixelBuffer.swift in Sources */,
				F20000012F16000000000002 /* PixelBuffer+Metal.swift in Sources */,
				F20000012F18000000000004 /* ImageDecoderError.swift in Sources */,
				F20000012F1800000000000A /* ImageSource+Decoding.swift in Sources */,
				F20000012F1800000000000B /* ImageSource+Encoding.swift in Sources */,
				F20000012F18000000000006 /* ImageEncoderError.swift in Sources */,
				F20000012F18000000000009 /* JPEGRegionDecoder.swift in Sources */,
				F2000001201800000000000A /* JXLReconstructor.swift in Sources */,
				F2000001201800000000000B /* SoftwareScaler.swift in Sources */,
				F2000001201800000000000C /* JXLDecoder.swift in Sources */,
			);
			runOnlyForDeploymentPostprocessing = 0;
		};
		221D5F1429EBD709006E60AB /* Sources */ = {
			isa = PBXSourcesBuildPhase;
			buildActionMask = 2147483647;
			files = (
				2226543B2F06514500A76F85 /* ImageFileFormatTests.swift in Sources */,
				221D5F1D29EBD709006E60AB /* ImageSourceTests.swift in Sources */,
				22DB61122D3A51B9007AFCF3 /* ImageSampleData.swift in Sources */,
				A20000012F26000000000001 /* ImageSourceDecodeTests.swift in Sources */,
				A20000012F26000000000002 /* ImageDestinationTests.swift in Sources */,
				A20000012F26000000000003 /* PixelBufferTests.swift in Sources */,
				A20000012F26000000000007 /* MemoryTrackingTests.swift in Sources */,
				A20000012F26000000000009 /* PixelBufferMetalTests.swift in Sources */,
				A20000012F2600000000000A /* SoftwareScalerTests.swift in Sources */,
				A20000012F2600000000000B /* JXLDecoderTests.swift in Sources */,
			);
			runOnlyForDeploymentPostprocessing = 0;
		};
/* End PBXSourcesBuildPhase section */

/* Begin PBXTargetDependency section */
		221D5F1A29EBD709006E60AB /* PBXTargetDependency */ = {
			isa = PBXTargetDependency;
			target = 221D5F0129EBD708006E60AB /* ImageIOKitExample */;
			targetProxy = 221D5F1929EBD709006E60AB /* PBXContainerItemProxy */;
		};
/* End PBXTargetDependency section */

/* Begin PBXVariantGroup section */
		221D5F0B29EBD708006E60AB /* Main.storyboard */ = {
			isa = PBXVariantGroup;
			children = (
				221D5F0C29EBD708006E60AB /* Base */,
			);
			name = Main.storyboard;
			sourceTree = "<group>";
		};
		221D5F1029EBD709006E60AB /* LaunchScreen.storyboard */ = {
			isa = PBXVariantGroup;
			children = (
				221D5F1129EBD709006E60AB /* Base */,
			);
			name = LaunchScreen.storyboard;
			sourceTree = "<group>";
		};
/* End PBXVariantGroup section */

/* Begin XCBuildConfiguration section */
		221D5F2A29EBD709006E60AB /* Debug */ = {
			isa = XCBuildConfiguration;
			buildSettings = {
				ALWAYS_SEARCH_USER_PATHS = NO;
				ASSETCATALOG_COMPILER_GENERATE_SWIFT_ASSET_SYMBOL_EXTENSIONS = YES;
				CLANG_ANALYZER_NONNULL = YES;
				CLANG_ANALYZER_NUMBER_OBJECT_CONVERSION = YES_AGGRESSIVE;
				CLANG_CXX_LANGUAGE_STANDARD = "gnu++20";
				CLANG_ENABLE_MODULES = YES;
				CLANG_ENABLE_OBJC_ARC = YES;
				CLANG_ENABLE_OBJC_WEAK = YES;
				CLANG_WARN_BLOCK_CAPTURE_AUTORELEASING = YES;
				CLANG_WARN_BOOL_CONVERSION = YES;
				CLANG_WARN_COMMA = YES;
				CLANG_WARN_CONSTANT_CONVERSION = YES;
				CLANG_WARN_DEPRECATED_OBJC_IMPLEMENTATIONS = YES;
				CLANG_WARN_DIRECT_OBJC_ISA_USAGE = YES_ERROR;
				CLANG_WARN_DOCUMENTATION_COMMENTS = YES;
				CLANG_WARN_EMPTY_BODY = YES;
				CLANG_WARN_ENUM_CONVERSION = YES;
				CLANG_WARN_INFINITE_RECURSION = YES;
				CLANG_WARN_INT_CONVERSION = YES;
				CLANG_WARN_NON_LITERAL_NULL_CONVERSION = YES;
				CLANG_WARN_OBJC_IMPLICIT_RETAIN_SELF = YES;
				CLANG_WARN_OBJC_LITERAL_CONVERSION = YES;
				CLANG_WARN_OBJC_ROOT_CLASS = YES_ERROR;
				CLANG_WARN_QUOTED_INCLUDE_IN_FRAMEWORK_HEADER = YES;
				CLANG_WARN_RANGE_LOOP_ANALYSIS = YES;
				CLANG_WARN_STRICT_PROTOTYPES = YES;
				CLANG_WARN_SUSPICIOUS_MOVE = YES;
				CLANG_WARN_UNGUARDED_AVAILABILITY = YES_AGGRESSIVE;
				CLANG_WARN_UNREACHABLE_CODE = YES;
				CLANG_WARN__DUPLICATE_METHOD_MATCH = YES;
				COPY_PHASE_STRIP = NO;
				DEBUG_INFORMATION_FORMAT = dwarf;
				DEVELOPMENT_TEAM = 6LF3GMKZAB;
				ENABLE_STRICT_OBJC_MSGSEND = YES;
				ENABLE_TESTABILITY = YES;
				ENABLE_USER_SCRIPT_SANDBOXING = YES;
				GCC_C_LANGUAGE_STANDARD = gnu11;
				GCC_DYNAMIC_NO_PIC = NO;
				GCC_NO_COMMON_BLOCKS = YES;
				GCC_OPTIMIZATION_LEVEL = 0;
				GCC_PREPROCESSOR_DEFINITIONS = (
					"DEBUG=1",
					"$(inherited)",
				);
				GCC_WARN_64_TO_32_BIT_CONVERSION = YES;
				GCC_WARN_ABOUT_RETURN_TYPE = YES_ERROR;
				GCC_WARN_UNDECLARED_SELECTOR = YES;
				GCC_WARN_UNINITIALIZED_AUTOS = YES_AGGRESSIVE;
				GCC_WARN_UNUSED_FUNCTION = YES;
				GCC_WARN_UNUSED_VARIABLE = YES;
				IPHONEOS_DEPLOYMENT_TARGET = 16.4;
				MTL_ENABLE_DEBUG_INFO = INCLUDE_SOURCE;
				MTL_FAST_MATH = YES;
				ONLY_ACTIVE_ARCH = YES;
				SDKROOT = iphoneos;
				STRING_CATALOG_GENERATE_SYMBOLS = YES;
				SWIFT_ACTIVE_COMPILATION_CONDITIONS = DEBUG;
				SWIFT_OPTIMIZATION_LEVEL = "-Onone";
			};
			name = Debug;
		};
		221D5F2B29EBD709006E60AB /* Release */ = {
			isa = XCBuildConfiguration;
			buildSettings = {
				ALWAYS_SEARCH_USER_PATHS = NO;
				ASSETCATALOG_COMPILER_GENERATE_SWIFT_ASSET_SYMBOL_EXTENSIONS = YES;
				CLANG_ANALYZER_NONNULL = YES;
				CLANG_ANALYZER_NUMBER_OBJECT_CONVERSION = YES_AGGRESSIVE;
				CLANG_CXX_LANGUAGE_STANDARD = "gnu++20";
				CLANG_ENABLE_MODULES = YES;
				CLANG_ENABLE_OBJC_ARC = YES;
				CLANG_ENABLE_OBJC_WEAK = YES;
				CLANG_WARN_BLOCK_CAPTURE_AUTORELEASING = YES;
				CLANG_WARN_BOOL_CONVERSION = YES;
				CLANG_WARN_COMMA = YES;
				CLANG_WARN_CONSTANT_CONVERSION = YES;
				CLANG_WARN_DEPRECATED_OBJC_IMPLEMENTATIONS = YES;
				CLANG_WARN_DIRECT_OBJC_ISA_USAGE = YES_ERROR;
				CLANG_WARN_DOCUMENTATION_COMMENTS = YES;
				CLANG_WARN_EMPTY_BODY = YES;
				CLANG_WARN_ENUM_CONVERSION = YES;
				CLANG_WARN_INFINITE_RECURSION = YES;
				CLANG_WARN_INT_CONVERSION = YES;
				CLANG_WARN_NON_LITERAL_NULL_CONVERSION = YES;
				CLANG_WARN_OBJC_IMPLICIT_RETAIN_SELF = YES;
				CLANG_WARN_OBJC_LITERAL_CONVERSION = YES;
				CLANG_WARN_OBJC_ROOT_CLASS = YES_ERROR;
				CLANG_WARN_QUOTED_INCLUDE_IN_FRAMEWORK_HEADER = YES;
				CLANG_WARN_RANGE_LOOP_ANALYSIS = YES;
				CLANG_WARN_STRICT_PROTOTYPES = YES;
				CLANG_WARN_SUSPICIOUS_MOVE = YES;
				CLANG_WARN_UNGUARDED_AVAILABILITY = YES_AGGRESSIVE;
				CLANG_WARN_UNREACHABLE_CODE = YES;
				CLANG_WARN__DUPLICATE_METHOD_MATCH = YES;
				COPY_PHASE_STRIP = NO;
				DEBUG_INFORMATION_FORMAT = "dwarf-with-dsym";
				DEVELOPMENT_TEAM = 6LF3GMKZAB;
				ENABLE_NS_ASSERTIONS = NO;
				ENABLE_STRICT_OBJC_MSGSEND = YES;
				ENABLE_USER_SCRIPT_SANDBOXING = YES;
				GCC_C_LANGUAGE_STANDARD = gnu11;
				GCC_NO_COMMON_BLOCKS = YES;
				GCC_WARN_64_TO_32_BIT_CONVERSION = YES;
				GCC_WARN_ABOUT_RETURN_TYPE = YES_ERROR;
				GCC_WARN_UNDECLARED_SELECTOR = YES;
				GCC_WARN_UNINITIALIZED_AUTOS = YES_AGGRESSIVE;
				GCC_WARN_UNUSED_FUNCTION = YES;
				GCC_WARN_UNUSED_VARIABLE = YES;
				IPHONEOS_DEPLOYMENT_TARGET = 16.4;
				MTL_ENABLE_DEBUG_INFO = NO;
				MTL_FAST_MATH = YES;
				SDKROOT = iphoneos;
				STRING_CATALOG_GENERATE_SYMBOLS = YES;
				SWIFT_COMPILATION_MODE = wholemodule;
				SWIFT_OPTIMIZATION_LEVEL = "-O";
				VALIDATE_PRODUCT = YES;
			};
			name = Release;
		};
		221D5F2D29EBD709006E60AB /* Debug */ = {
			isa = XCBuildConfiguration;
			buildSettings = {
				ASSETCATALOG_COMPILER_APPICON_NAME = AppIcon;
				ASSETCATALOG_COMPILER_GLOBAL_ACCENT_COLOR_NAME = AccentColor;
				CODE_SIGN_STYLE = Automatic;
				CURRENT_PROJECT_VERSION = 1;
				GENERATE_INFOPLIST_FILE = YES;
				INFOPLIST_FILE = ImageIOKitExample/Info.plist;
				INFOPLIST_KEY_UIApplicationSupportsIndirectInputEvents = YES;
				INFOPLIST_KEY_UILaunchStoryboardName = LaunchScreen.storyboard;
				INFOPLIST_KEY_UIMainStoryboardFile = Main;
				INFOPLIST_KEY_UISupportedInterfaceOrientations_iPad = "UIInterfaceOrientationPortrait UIInterfaceOrientationPortraitUpsideDown UIInterfaceOrientationLandscapeLeft UIInterfaceOrientationLandscapeRight";
				INFOPLIST_KEY_UISupportedInterfaceOrientations_iPhone = "UIInterfaceOrientationPortrait UIInterfaceOrientationLandscapeLeft UIInterfaceOrientationLandscapeRight";
				IPHONEOS_DEPLOYMENT_TARGET = 16.0;
				LD_RUNPATH_SEARCH_PATHS = (
					"$(inherited)",
					"@executable_path/Frameworks",
				);
				MARKETING_VERSION = 1.0;
				OTHER_LDFLAGS = "-lc++";
				PRODUCT_BUNDLE_IDENTIFIER = dev.tim.ImageIOKit;
				PRODUCT_NAME = "$(TARGET_NAME)";
				SWIFT_EMIT_LOC_STRINGS = YES;
				SWIFT_VERSION = 5.0;
				TARGETED_DEVICE_FAMILY = "1,2";
			};
			name = Debug;
		};
		221D5F2E29EBD709006E60AB /* Release */ = {
			isa = XCBuildConfiguration;
			buildSettings = {
				ASSETCATALOG_COMPILER_APPICON_NAME = AppIcon;
				ASSETCATALOG_COMPILER_GLOBAL_ACCENT_COLOR_NAME = AccentColor;
				CODE_SIGN_STYLE = Automatic;
				CURRENT_PROJECT_VERSION = 1;
				GENERATE_INFOPLIST_FILE = YES;
				INFOPLIST_FILE = ImageIOKitExample/Info.plist;
				INFOPLIST_KEY_UIApplicationSupportsIndirectInputEvents = YES;
				INFOPLIST_KEY_UILaunchStoryboardName = LaunchScreen.storyboard;
				INFOPLIST_KEY_UIMainStoryboardFile = Main;
				INFOPLIST_KEY_UISupportedInterfaceOrientations_iPad = "UIInterfaceOrientationPortrait UIInterfaceOrientationPortraitUpsideDown UIInterfaceOrientationLandscapeLeft UIInterfaceOrientationLandscapeRight";
				INFOPLIST_KEY_UISupportedInterfaceOrientations_iPhone = "UIInterfaceOrientationPortrait UIInterfaceOrientationLandscapeLeft UIInterfaceOrientationLandscapeRight";
				IPHONEOS_DEPLOYMENT_TARGET = 16.0;
				LD_RUNPATH_SEARCH_PATHS = (
					"$(inherited)",
					"@executable_path/Frameworks",
				);
				MARKETING_VERSION = 1.0;
				OTHER_LDFLAGS = "-lc++";
				PRODUCT_BUNDLE_IDENTIFIER = dev.tim.ImageIOKit;
				PRODUCT_NAME = "$(TARGET_NAME)";
				SWIFT_EMIT_LOC_STRINGS = YES;
				SWIFT_VERSION = 5.0;
				TARGETED_DEVICE_FAMILY = "1,2";
			};
			name = Release;
		};
		221D5F3029EBD709006E60AB /* Debug */ = {
			isa = XCBuildConfiguration;
			buildSettings = {
				BUNDLE_LOADER = "$(TEST_HOST)";
				CODE_SIGN_STYLE = Automatic;
				CURRENT_PROJECT_VERSION = 1;
				GENERATE_INFOPLIST_FILE = YES;
				IPHONEOS_DEPLOYMENT_TARGET = 16.0;
				MARKETING_VERSION = 1.0;
				PRODUCT_BUNDLE_IDENTIFIER = dev.tim.ImageIOKitTests;
				PRODUCT_NAME = "$(TARGET_NAME)";
				SWIFT_EMIT_LOC_STRINGS = NO;
				SWIFT_VERSION = 5.0;
				TARGETED_DEVICE_FAMILY = "1,2";
				TEST_HOST = "$(BUILT_PRODUCTS_DIR)/ImageIOKitExample.app/$(BUNDLE_EXECUTABLE_FOLDER_PATH)/ImageIOKitExample";
			};
			name = Debug;
		};
		221D5F3129EBD709006E60AB /* Release */ = {
			isa = XCBuildConfiguration;
			buildSettings = {
				BUNDLE_LOADER = "$(TEST_HOST)";
				CODE_SIGN_STYLE = Automatic;
				CURRENT_PROJECT_VERSION = 1;
				GENERATE_INFOPLIST_FILE = YES;
				IPHONEOS_DEPLOYMENT_TARGET = 16.0;
				MARKETING_VERSION = 1.0;
				PRODUCT_BUNDLE_IDENTIFIER = dev.tim.ImageIOKitTests;
				PRODUCT_NAME = "$(TARGET_NAME)";
				SWIFT_EMIT_LOC_STRINGS = NO;
				SWIFT_VERSION = 5.0;
				TARGETED_DEVICE_FAMILY = "1,2";
				TEST_HOST = "$(BUILT_PRODUCTS_DIR)/ImageIOKitExample.app/$(BUNDLE_EXECUTABLE_FOLDER_PATH)/ImageIOKitExample";
			};
			name = Release;
		};
/* End XCBuildConfiguration section */

/* Begin XCConfigurationList section */
		221D5EFD29EBD708006E60AB /* Build configuration list for PBXProject "ImageIOKit" */ = {
			isa = XCConfigurationList;
			buildConfigurations = (
				221D5F2A29EBD709006E60AB /* Debug */,
				221D5F2B29EBD709006E60AB /* Release */,
			);
			defaultConfigurationIsVisible = 0;
			defaultConfigurationName = Release;
		};
		221D5F2C29EBD709006E60AB /* Build configuration list for PBXNativeTarget "ImageIOKitExample" */ = {
			isa = XCConfigurationList;
			buildConfigurations = (
				221D5F2D29EBD709006E60AB /* Debug */,
				221D5F2E29EBD709006E60AB /* Release */,
			);
			defaultConfigurationIsVisible = 0;
			defaultConfigurationName = Release;
		};
		221D5F2F29EBD709006E60AB /* Build configuration list for PBXNativeTarget "ImageIOKitTests" */ = {
			isa = XCConfigurationList;
			buildConfigurations = (
				221D5F3029EBD709006E60AB /* Debug */,
				221D5F3129EBD709006E60AB /* Release */,
			);
			defaultConfigurationIsVisible = 0;
			defaultConfigurationName = Release;
		};
/* End XCConfigurationList section */

/* Begin XCRemoteSwiftPackageReference section */
		226343EA2F55B7DD0017941C /* XCRemoteSwiftPackageReference "libjpeg-turbo-cocoa" */ = {
			isa = XCRemoteSwiftPackageReference;
			repositoryURL = "https://github.com/TimOliver/libjpeg-turbo-cocoa.git";
			requirement = {
				kind = upToNextMajorVersion;
				minimumVersion = 3.1.3;
			};
		};
		226343ED2F55B7E60017941C /* XCRemoteSwiftPackageReference "libjxl-cocoa" */ = {
			isa = XCRemoteSwiftPackageReference;
			repositoryURL = "https://github.com/TimOliver/libjxl-cocoa";
			requirement = {
				kind = upToNextMajorVersion;
				minimumVersion = 0.11.2;
			};
		};
/* End XCRemoteSwiftPackageReference section */

/* Begin XCSwiftPackageProductDependency section */
		226343EE2F55B7E60017941C /* jxl */ = {
			isa = XCSwiftPackageProductDependency;
			package = 226343ED2F55B7E60017941C /* XCRemoteSwiftPackageReference "libjxl-cocoa" */;
			productName = jxl;
		};
		226344012F56D500017941C0 /* turbojpeg */ = {
			isa = XCSwiftPackageProductDependency;
			package = 226343EA2F55B7DD0017941C /* XCRemoteSwiftPackageReference "libjpeg-turbo-cocoa" */;
			productName = turbojpeg;
		};
/* End XCSwiftPackageProductDependency section */
	};
	rootObject = 221D5EFA29EBD708006E60AB /* Project object */;
}
