{
  "originHash" : "98aa9c0e6d9c66aced5673e83390b8ac7a5482922012e9c453e7ff0630c86028",
  "pins" : [
    {
      "identity" : "libjpeg-turbo-cocoa",
      "kind" : "remoteSourceControl",
      "location" : "https://github.com/TimOliver/libjpeg-turbo-cocoa.git",
      "state" : {
        "revision" : "9b8a24dc9223f18c1da24978d12e734cb78d956c",
        "version" : "3.1.3"
      }
    },
    {
      "identity" : "libjxl-cocoa",
      "kind" : "remoteSourceControl",
      "location" : "https://github.com/TimOliver/libjxl-cocoa",
      "state" : {
        "revision" : "149f109940c3651b41f8ccba8fbf6a247b6be705",
        "version" : "0.11.2"
      }
    },
    {
      "identity" : "webp-cocoa",
      "kind" : "remoteSourceControl",
      "location" : "https://github.com/TimOliver/WebP-Cocoa.git",
      "state" : {
        "revision" : "eafbd610910f579e183be5d21bf8dfac48ee87f7",
        "version" : "1.6.1"
      }
    }
  ],
  "version" : 3
}
